
Microsoft Visual Studio Solution File, Format Version 12.00
# Visual Studio 15
VisualStudioVersion = 15.0.26124.0
MinimumVisualStudioVersion = 15.0.26124.0
Project("{FAE04EC0-301F-11D3-BF4B-00C04F79EFBC}") = "fancystacks", "fancystacks\fancystacks.csproj", "{9BFE715B-51CB-4C08-913E-BE2A9F95F991}"
EndProject
Project("{FAE04EC0-301F-11D3-BF4B-00C04F79EFBC}") = "fancystacks.test", "fancystacks.test\fancystacks.test.csproj", "{EFF4C5A6-82CD-40C1-99D9-B57DA0AE73B8}"
EndProject
Global
	GlobalSection(SolutionConfigurationPlatforms) = preSolution
		Debug|Any CPU = Debug|Any CPU
		Debug|x64 = Debug|x64
		Debug|x86 = Debug|x86
		Release|Any CPU = Release|Any CPU
		Release|x64 = Release|x64
		Release|x86 = Release|x86
	EndGlobalSection
	GlobalSection(SolutionProperties) = preSolution
		HideSolutionNode = FALSE
	EndGlobalSection
	GlobalSection(ProjectConfigurationPlatforms) = postSolution
		{9BFE715B-51CB-4C08-913E-BE2A9F95F991}.Debug|Any CPU.ActiveCfg = Debug|Any CPU
		{9BFE715B-51CB-4C08-913E-BE2A9F95F991}.Debug|Any CPU.Build.0 = Debug|Any CPU
		{9BFE715B-51CB-4C08-913E-BE2A9F95F991}.Debug|x64.ActiveCfg = Debug|Any CPU
		{9BFE715B-51CB-4C08-913E-BE2A9F95F991}.Debug|x64.Build.0 = Debug|Any CPU
		{9BFE715B-51CB-4C08-913E-BE2A9F95F991}.Debug|x86.ActiveCfg = Debug|Any CPU
		{9BFE715B-51CB-4C08-913E-BE2A9F95F991}.Debug|x86.Build.0 = Debug|Any CPU
		{9BFE715B-51CB-4C08-913E-BE2A9F95F991}.Release|Any CPU.ActiveCfg = Release|Any CPU
		{9BFE715B-51CB-4C08-913E-BE2A9F95F991}.Release|Any CPU.Build.0 = Release|Any CPU
		{9BFE715B-51CB-4C08-913E-BE2A9F95F991}.Release|x64.ActiveCfg = Release|Any CPU
		{9BFE715B-51CB-4C08-913E-BE2A9F95F991}.Release|x64.Build.0 = Release|Any CPU
		{9BFE715B-51CB-4C08-913E-BE2A9F95F991}.Release|x86.ActiveCfg = Release|Any CPU
		{9BFE715B-51CB-4C08-913E-BE2A9F95F991}.Release|x86.Build.0 = Release|Any CPU
		{EFF4C5A6-82CD-40C1-99D9-B57DA0AE73B8}.Debug|Any CPU.ActiveCfg = Debug|Any CPU
		{EFF4C5A6-82CD-40C1-99D9-B57DA0AE73B8}.Debug|Any CPU.Build.0 = Debug|Any CPU
		{EFF4C5A6-82CD-40C1-99D9-B57DA0AE73B8}.Debug|x64.ActiveCfg = Debug|Any CPU
		{EFF4C5A6-82CD-40C1-99D9-B57DA0AE73B8}.Debug|x64.Build.0 = Debug|Any CPU
		{EFF4C5A6-82CD-40C1-99D9-B57DA0AE73B8}.Debug|x86.ActiveCfg = Debug|Any CPU
		{EFF4C5A6-82CD-40C1-99D9-B57DA0AE73B8}.Debug|x86.Build.0 = Debug|Any CPU
		{EFF4C5A6-82CD-40C1-99D9-B57DA0AE73B8}.Release|Any CPU.ActiveCfg = Release|Any CPU
		{EFF4C5A6-82CD-40C1-99D9-B57DA0AE73B8}.Release|Any CPU.Build.0 = Release|Any CPU
		{EFF4C5A6-82CD-40C1-99D9-B57DA0AE73B8}.Release|x64.ActiveCfg = Release|Any CPU
		{EFF4C5A6-82CD-40C1-99D9-B57DA0AE73B8}.Release|x64.Build.0 = Release|Any CPU
		{EFF4C5A6-82CD-40C1-99D9-B57DA0AE73B8}.Release|x86.ActiveCfg = Release|Any CPU
		{EFF4C5A6-82CD-40C1-99D9-B57DA0AE73B8}.Release|x86.Build.0 = Release|Any CPU
	EndGlobalSection
EndGlobal
